// !$*UTF8*$!
{
	archiveVersion = 1;
	classes = {
	};
	objectVersion = 77;
	objects = {

/* Begin PBXBuildFile section */
		9C0C446F0589B24920285E61 /* Pods_ProfileSettings_ProfileSettingsUITests.framework in Frameworks */ = {isa = PBXBuildFile; fileRef = 45D0C0DC8A7C86488A488497 /* Pods_ProfileSettings_ProfileSettingsUITests.framework */; };
		C3596C7C98A7DEEFB35452DA /* Pods_ProfileSettings.framework in Frameworks */ = {isa = PBXBuildFile; fileRef = 908CAEFF5E9D85F74FF82D2B /* Pods_ProfileSettings.framework */; };
		DC27200E6CA14DA72D030051 /* Pods_ProfileSettingsTests.framework in Frameworks */ = {isa = PBXBuildFile; fileRef = E679435411427D763C64BBD2 /* Pods_ProfileSettingsTests.framework */; };
/* End PBXBuildFile section */

/* Begin PBXContainerItemProxy section */
		E019DFCC2DCFE73400FA79E6 /* PBXContainerItemProxy */ = {
			isa = PBXContainerItemProxy;
			containerPortal = E019DFAD2DCFE73200FA79E6 /* Project object */;
			proxyType = 1;
			remoteGlobalIDString = E019DFB42DCFE73200FA79E6;
			remoteInfo = ProfileSettings;
		};
		E019DFD62DCFE73400FA79E6 /* PBXContainerItemProxy */ = {
			isa = PBXContainerItemProxy;
			containerPortal = E019DFAD2DCFE73200FA79E6 /* Project object */;
			proxyType = 1;
			remoteGlobalIDString = E019DFB42DCFE73200FA79E6;
			remoteInfo = ProfileSettings;
		};
/* End PBXContainerItemProxy section */

/* Begin PBXFileReference section */
		3DA99B030297FE7779F24011 /* Pods-ProfileSettings.release.xcconfig */ = {isa = PBXFileReference; includeInIndex = 1; lastKnownFileType = text.xcconfig; name = "Pods-ProfileSettings.release.xcconfig"; path = "Target Support Files/Pods-ProfileSettings/Pods-ProfileSettings.release.xcconfig"; sourceTree = "<group>"; };
		45D0C0DC8A7C86488A488497 /* Pods_ProfileSettings_ProfileSettingsUITests.framework */ = {isa = PBXFileReference; explicitFileType = wrapper.framework; includeInIndex = 0; path = Pods_ProfileSettings_ProfileSettingsUITests.framework; sourceTree = BUILT_PRODUCTS_DIR; };
		5C5965F0669AA22251596178 /* Pods-ProfileSettingsTests.release.xcconfig */ = {isa = PBXFileReference; includeInIndex = 1; lastKnownFileType = text.xcconfig; name = "Pods-ProfileSettingsTests.release.xcconfig"; path = "Target Support Files/Pods-ProfileSettingsTests/Pods-ProfileSettingsTests.release.xcconfig"; sourceTree = "<group>"; };
		908CAEFF5E9D85F74FF82D2B /* Pods_ProfileSettings.framework */ = {isa = PBXFileReference; explicitFileType = wrapper.framework; includeInIndex = 0; path = Pods_ProfileSettings.framework; sourceTree = BUILT_PRODUCTS_DIR; };
		C68447D4349E278CEB52E4D2 /* Pods-ProfileSettings-ProfileSettingsUITests.debug.xcconfig */ = {isa = PBXFileReference; includeInIndex = 1; lastKnownFileType = text.xcconfig; name = "Pods-ProfileSettings-ProfileSettingsUITests.debug.xcconfig"; path = "Target Support Files/Pods-ProfileSettings-ProfileSettingsUITests/Pods-ProfileSettings-ProfileSettingsUITests.debug.xcconfig"; sourceTree = "<group>"; };
		C91421365AAA9785D2FC0B3C /* Pods-ProfileSettings.debug.xcconfig */ = {isa = PBXFileReference; includeInIndex = 1; lastKnownFileType = text.xcconfig; name = "Pods-ProfileSettings.debug.xcconfig"; path = "Target Support Files/Pods-ProfileSettings/Pods-ProfileSettings.debug.xcconfig"; sourceTree = "<group>"; };
		E019DFB52DCFE73200FA79E6 /* ProfileSettings.app */ = {isa = PBXFileReference; explicitFileType = wrapper.application; includeInIndex = 0; path = ProfileSettings.app; sourceTree = BUILT_PRODUCTS_DIR; };
		E019DFCB2DCFE73400FA79E6 /* ProfileSettingsTests.xctest */ = {isa = PBXFileReference; explicitFileType = wrapper.cfbundle; includeInIndex = 0; path = ProfileSettingsTests.xctest; sourceTree = BUILT_PRODUCTS_DIR; };
		E019DFD52DCFE73400FA79E6 /* ProfileSettingsUITests.xctest */ = {isa = PBXFileReference; explicitFileType = wrapper.cfbundle; includeInIndex = 0; path = ProfileSettingsUITests.xctest; sourceTree = BUILT_PRODUCTS_DIR; };
		E21BCD9EB8A39485DEEA6F30 /* Pods-ProfileSettings-ProfileSettingsUITests.release.xcconfig */ = {isa = PBXFileReference; includeInIndex = 1; lastKnownFileType = text.xcconfig; name = "Pods-ProfileSettings-ProfileSettingsUITests.release.xcconfig"; path = "Target Support Files/Pods-ProfileSettings-ProfileSettingsUITests/Pods-ProfileSettings-ProfileSettingsUITests.release.xcconfig"; sourceTree = "<group>"; };
		E679435411427D763C64BBD2 /* Pods_ProfileSettingsTests.framework */ = {isa = PBXFileReference; explicitFileType = wrapper.framework; includeInIndex = 0; path = Pods_ProfileSettingsTests.framework; sourceTree = BUILT_PRODUCTS_DIR; };
		EC8E40DF3CA9DA571F688CA8 /* Pods-ProfileSettingsTests.debug.xcconfig */ = {isa = PBXFileReference; includeInIndex = 1; lastKnownFileType = text.xcconfig; name = "Pods-ProfileSettingsTests.debug.xcconfig"; path = "Target Support Files/Pods-ProfileSettingsTests/Pods-ProfileSettingsTests.debug.xcconfig"; sourceTree = "<group>"; };
/* End PBXFileReference section */

/* Begin PBXFileSystemSynchronizedBuildFileExceptionSet section */
		E019DFDD2DCFE73400FA79E6 /* Exceptions for "ProfileSettings" folder in "ProfileSettings" target */ = {
			isa = PBXFileSystemSynchronizedBuildFileExceptionSet;
			membershipExceptions = (
				Info.plist,
			);
			target = E019DFB42DCFE73200FA79E6 /* ProfileSettings */;
		};
/* End PBXFileSystemSynchronizedBuildFileExceptionSet section */

/* Begin PBXFileSystemSynchronizedRootGroup section */
		E019DFB72DCFE73200FA79E6 /* ProfileSettings */ = {
			isa = PBXFileSystemSynchronizedRootGroup;
			exceptions = (
				E019DFDD2DCFE73400FA79E6 /* Exceptions for "ProfileSettings" folder in "ProfileSettings" target */,
			);
			path = ProfileSettings;
			sourceTree = "<group>";
		};
		E019DFCE2DCFE73400FA79E6 /* ProfileSettingsTests */ = {
			isa = PBXFileSystemSynchronizedRootGroup;
			path = ProfileSettingsTests;
			sourceTree = "<group>";
		};
		E019DFD82DCFE73400FA79E6 /* ProfileSettingsUITests */ = {
			isa = PBXFileSystemSynchronizedRootGroup;
			path = ProfileSettingsUITests;
			sourceTree = "<group>";
		};
/* End PBXFileSystemSynchronizedRootGroup section */

/* Begin PBXFrameworksBuildPhase section */
		E019DFB22DCFE73200FA79E6 /* Frameworks */ = {
			isa = PBXFrameworksBuildPhase;
			buildActionMask = 2147483647;
			files = (
				C3596C7C98A7DEEFB35452DA /* Pods_ProfileSettings.framework in Frameworks */,
			);
			runOnlyForDeploymentPostprocessing = 0;
		};
		E019DFC82DCFE73400FA79E6 /* Frameworks */ = {
			isa = PBXFrameworksBuildPhase;
			buildActionMask = 2147483647;
			files = (
				DC27200E6CA14DA72D030051 /* Pods_ProfileSettingsTests.framework in Frameworks */,
			);
			runOnlyForDeploymentPostprocessing = 0;
		};
		E019DFD22DCFE73400FA79E6 /* Frameworks */ = {
			isa = PBXFrameworksBuildPhase;
			buildActionMask = 2147483647;
			files = (
				9C0C446F0589B24920285E61 /* Pods_ProfileSettings_ProfileSettingsUITests.framework in Frameworks */,
			);
			runOnlyForDeploymentPostprocessing = 0;
		};
/* End PBXFrameworksBuildPhase section */

/* Begin PBXGroup section */
		34CFD28AA87B9F525B4406C9 /* Pods */ = {
			isa = PBXGroup;
			children = (
				C91421365AAA9785D2FC0B3C /* Pods-ProfileSettings.debug.xcconfig */,
				3DA99B030297FE7779F24011 /* Pods-ProfileSettings.release.xcconfig */,
				C68447D4349E278CEB52E4D2 /* Pods-ProfileSettings-ProfileSettingsUITests.debug.xcconfig */,
				E21BCD9EB8A39485DEEA6F30 /* Pods-ProfileSettings-ProfileSettingsUITests.release.xcconfig */,
				EC8E40DF3CA9DA571F688CA8 /* Pods-ProfileSettingsTests.debug.xcconfig */,
				5C5965F0669AA22251596178 /* Pods-ProfileSettingsTests.release.xcconfig */,
			);
			path = Pods;
			sourceTree = "<group>";
		};
		E019DFAC2DCFE73200FA79E6 = {
			isa = PBXGroup;
			children = (
				E019DFB72DCFE73200FA79E6 /* ProfileSettings */,
				E019DFCE2DCFE73400FA79E6 /* ProfileSettingsTests */,
				E019DFD82DCFE73400FA79E6 /* ProfileSettingsUITests */,
				E019DFB62DCFE73200FA79E6 /* Products */,
				34CFD28AA87B9F525B4406C9 /* Pods */,
				FAD057014FC2AF922C49F88D /* Frameworks */,
			);
			sourceTree = "<group>";
		};
		E019DFB62DCFE73200FA79E6 /* Products */ = {
			isa = PBXGroup;
			children = (
				E019DFB52DCFE73200FA79E6 /* ProfileSettings.app */,
				E019DFCB2DCFE73400FA79E6 /* ProfileSettingsTests.xctest */,
				E019DFD52DCFE73400FA79E6 /* ProfileSettingsUITests.xctest */,
			);
			name = Products;
			sourceTree = "<group>";
		};
		FAD057014FC2AF922C49F88D /* Frameworks */ = {
			isa = PBXGroup;
			children = (
				908CAEFF5E9D85F74FF82D2B /* Pods_ProfileSettings.framework */,
				45D0C0DC8A7C86488A488497 /* Pods_ProfileSettings_ProfileSettingsUITests.framework */,
				E679435411427D763C64BBD2 /* Pods_ProfileSettingsTests.framework */,
			);
			name = Frameworks;
			sourceTree = "<group>";
		};
/* End PBXGroup section */

/* Begin PBXNativeTarget section */
		E019DFB42DCFE73200FA79E6 /* ProfileSettings */ = {
			isa = PBXNativeTarget;
			buildConfigurationList = E019DFDE2DCFE73400FA79E6 /* Build configuration list for PBXNativeTarget "ProfileSettings" */;
			buildPhases = (
				82B9A096ABB5F7E6886D142A /* [CP] Check Pods Manifest.lock */,
				E019DFB12DCFE73200FA79E6 /* Sources */,
				E019DFB22DCFE73200FA79E6 /* Frameworks */,
				E019DFB32DCFE73200FA79E6 /* Resources */,
				95E96C2900124156579E740A /* [CP] Embed Pods Frameworks */,
			);
			buildRules = (
			);
			dependencies = (
			);
			fileSystemSynchronizedGroups = (
				E019DFB72DCFE73200FA79E6 /* ProfileSettings */,
			);
			name = ProfileSettings;
			productName = ProfileSettings;
			productReference = E019DFB52DCFE73200FA79E6 /* ProfileSettings.app */;
			productType = "com.apple.product-type.application";
		};
		E019DFCA2DCFE73400FA79E6 /* ProfileSettingsTests */ = {
			isa = PBXNativeTarget;
			buildConfigurationList = E019DFE32DCFE73400FA79E6 /* Build configuration list for PBXNativeTarget "ProfileSettingsTests" */;
			buildPhases = (
				307D0A8EAA8D559E92D37CF0 /* [CP] Check Pods Manifest.lock */,
				E019DFC72DCFE73400FA79E6 /* Sources */,
				E019DFC82DCFE73400FA79E6 /* Frameworks */,
				E019DFC92DCFE73400FA79E6 /* Resources */,
			);
			buildRules = (
			);
			dependencies = (
				E019DFCD2DCFE73400FA79E6 /* PBXTargetDependency */,
			);
			fileSystemSynchronizedGroups = (
				E019DFCE2DCFE73400FA79E6 /* ProfileSettingsTests */,
			);
			name = ProfileSettingsTests;
			productName = ProfileSettingsTests;
			productReference = E019DFCB2DCFE73400FA79E6 /* ProfileSettingsTests.xctest */;
			productType = "com.apple.product-type.bundle.unit-test";
		};
		E019DFD42DCFE73400FA79E6 /* ProfileSettingsUITests */ = {
			isa = PBXNativeTarget;
			buildConfigurationList = E019DFE62DCFE73400FA79E6 /* Build configuration list for PBXNativeTarget "ProfileSettingsUITests" */;
			buildPhases = (
				6B5F72A8742271A836886522 /* [CP] Check Pods Manifest.lock */,
				E019DFD12DCFE73400FA79E6 /* Sources */,
				E019DFD22DCFE73400FA79E6 /* Frameworks */,
				E019DFD32DCFE73400FA79E6 /* Resources */,
				E71BED0ACA473C8F23583175 /* [CP] Embed Pods Frameworks */,
			);
			buildRules = (
			);
			dependencies = (
				E019DFD72DCFE73400FA79E6 /* PBXTargetDependency */,
			);
			fileSystemSynchronizedGroups = (
				E019DFD82DCFE73400FA79E6 /* ProfileSettingsUITests */,
			);
			name = ProfileSettingsUITests;
			productName = ProfileSettingsUITests;
			productReference = E019DFD52DCFE73400FA79E6 /* ProfileSettingsUITests.xctest */;
			productType = "com.apple.product-type.bundle.ui-testing";
		};
/* End PBXNativeTarget section */

/* Begin PBXProject section */
		E019DFAD2DCFE73200FA79E6 /* Project object */ = {
			isa = PBXProject;
			attributes = {
				BuildIndependentTargetsInParallel = 1;
				LastSwiftUpdateCheck = 1630;
				LastUpgradeCheck = 1630;
				TargetAttributes = {
					E019DFB42DCFE73200FA79E6 = {
						CreatedOnToolsVersion = 16.3;
					};
					E019DFCA2DCFE73400FA79E6 = {
						CreatedOnToolsVersion = 16.3;
						TestTargetID = E019DFB42DCFE73200FA79E6;
					};
					E019DFD42DCFE73400FA79E6 = {
						CreatedOnToolsVersion = 16.3;
						TestTargetID = E019DFB42DCFE73200FA79E6;
					};
				};
			};
			buildConfigurationList = E019DFB02DCFE73200FA79E6 /* Build configuration list for PBXProject "ProfileSettings" */;
			developmentRegion = en;
			hasScannedForEncodings = 0;
			knownRegions = (
				en,
				Base,
			);
			mainGroup = E019DFAC2DCFE73200FA79E6;
			minimizedProjectReferenceProxies = 1;
			preferredProjectObjectVersion = 77;
			productRefGroup = E019DFB62DCFE73200FA79E6 /* Products */;
			projectDirPath = "";
			projectRoot = "";
			targets = (
				E019DFB42DCFE73200FA79E6 /* ProfileSettings */,
				E019DFCA2DCFE73400FA79E6 /* ProfileSettingsTests */,
				E019DFD42DCFE73400FA79E6 /* ProfileSettingsUITests */,
			);
		};
/* End PBXProject section */

/* Begin PBXResourcesBuildPhase section */
		E019DFB32DCFE73200FA79E6 /* Resources */ = {
			isa = PBXResourcesBuildPhase;
			buildActionMask = 2147483647;
			files = (
			);
			runOnlyForDeploymentPostprocessing = 0;
		};
		E019DFC92DCFE73400FA79E6 /* Resources */ = {
			isa = PBXResourcesBuildPhase;
			buildActionMask = 2147483647;
			files = (
			);
			runOnlyForDeploymentPostprocessing = 0;
		};
		E019DFD32DCFE73400FA79E6 /* Resources */ = {
			isa = PBXResourcesBuildPhase;
			buildActionMask = 2147483647;
			files = (
			);
			runOnlyForDeploymentPostprocessing = 0;
		};
/* End PBXResourcesBuildPhase section */

/* Begin PBXShellScriptBuildPhase section */
		307D0A8EAA8D559E92D37CF0 /* [CP] Check Pods Manifest.lock */ = {
			isa = PBXShellScriptBuildPhase;
			buildActionMask = 2147483647;
			files = (
			);
			inputFileListPaths = (
			);
			inputPaths = (
				"${PODS_PODFILE_DIR_PATH}/Podfile.lock",
				"${PODS_ROOT}/Manifest.lock",
			);
			name = "[CP] Check Pods Manifest.lock";
			outputFileListPaths = (
			);
			outputPaths = (
				"$(DERIVED_FILE_DIR)/Pods-ProfileSettingsTests-checkManifestLockResult.txt",
			);
			runOnlyForDeploymentPostprocessing = 0;
			shellPath = /bin/sh;
			shellScript = "diff \"${PODS_PODFILE_DIR_PATH}/Podfile.lock\" \"${PODS_ROOT}/Manifest.lock\" > /dev/null\nif [ $? != 0 ] ; then\n    # print error to STDERR\n    echo \"error: The sandbox is not in sync with the Podfile.lock. Run 'pod install' or update your CocoaPods installation.\" >&2\n    exit 1\nfi\n# This output is used by Xcode 'outputs' to avoid re-running this script phase.\necho \"SUCCESS\" > \"${SCRIPT_OUTPUT_FILE_0}\"\n";
			showEnvVarsInLog = 0;
		};
		6B5F72A8742271A836886522 /* [CP] Check Pods Manifest.lock */ = {
			isa = PBXShellScriptBuildPhase;
			buildActionMask = 2147483647;
			files = (
			);
			inputFileListPaths = (
			);
			inputPaths = (
				"${PODS_PODFILE_DIR_PATH}/Podfile.lock",
				"${PODS_ROOT}/Manifest.lock",
			);
			name = "[CP] Check Pods Manifest.lock";
			outputFileListPaths = (
			);
			outputPaths = (
				"$(DERIVED_FILE_DIR)/Pods-ProfileSettings-ProfileSettingsUITests-checkManifestLockResult.txt",
			);
			runOnlyForDeploymentPostprocessing = 0;
			shellPath = /bin/sh;
			shellScript = "diff \"${PODS_PODFILE_DIR_PATH}/Podfile.lock\" \"${PODS_ROOT}/Manifest.lock\" > /dev/null\nif [ $? != 0 ] ; then\n    # print error to STDERR\n    echo \"error: The sandbox is not in sync with the Podfile.lock. Run 'pod install' or update your CocoaPods installation.\" >&2\n    exit 1\nfi\n# This output is used by Xcode 'outputs' to avoid re-running this script phase.\necho \"SUCCESS\" > \"${SCRIPT_OUTPUT_FILE_0}\"\n";
			showEnvVarsInLog = 0;
		};
		82B9A096ABB5F7E6886D142A /* [CP] Check Pods Manifest.lock */ = {
			isa = PBXShellScriptBuildPhase;
			buildActionMask = 2147483647;
			files = (
			);
			inputFileListPaths = (
			);
			inputPaths = (
				"${PODS_PODFILE_DIR_PATH}/Podfile.lock",
				"${PODS_ROOT}/Manifest.lock",
			);
			name = "[CP] Check Pods Manifest.lock";
			outputFileListPaths = (
			);
			outputPaths = (
				"$(DERIVED_FILE_DIR)/Pods-ProfileSettings-checkManifestLockResult.txt",
			);
			runOnlyForDeploymentPostprocessing = 0;
			shellPath = /bin/sh;
			shellScript = "diff \"${PODS_PODFILE_DIR_PATH}/Podfile.lock\" \"${PODS_ROOT}/Manifest.lock\" > /dev/null\nif [ $? != 0 ] ; then\n    # print error to STDERR\n    echo \"error: The sandbox is not in sync with the Podfile.lock. Run 'pod install' or update your CocoaPods installation.\" >&2\n    exit 1\nfi\n# This output is used by Xcode 'outputs' to avoid re-running this script phase.\necho \"SUCCESS\" > \"${SCRIPT_OUTPUT_FILE_0}\"\n";
			showEnvVarsInLog = 0;
		};
		95E96C2900124156579E740A /* [CP] Embed Pods Frameworks */ = {
			isa = PBXShellScriptBuildPhase;
			buildActionMask = 2147483647;
			files = (
			);
			inputFileListPaths = (
				"${PODS_ROOT}/Target Support Files/Pods-ProfileSettings/Pods-ProfileSettings-frameworks-${CONFIGURATION}-input-files.xcfilelist",
			);
			inputPaths = (
			);
			name = "[CP] Embed Pods Frameworks";
			outputFileListPaths = (
				"${PODS_ROOT}/Target Support Files/Pods-ProfileSettings/Pods-ProfileSettings-frameworks-${CONFIGURATION}-output-files.xcfilelist",
			);
			outputPaths = (
			);
			runOnlyForDeploymentPostprocessing = 0;
			shellPath = /bin/sh;
			shellScript = "\"${PODS_ROOT}/Target Support Files/Pods-ProfileSettings/Pods-ProfileSettings-frameworks.sh\"\n";
			showEnvVarsInLog = 0;
		};
		E71BED0ACA473C8F23583175 /* [CP] Embed Pods Frameworks */ = {
			isa = PBXShellScriptBuildPhase;
			buildActionMask = 2147483647;
			files = (
			);
			inputFileListPaths = (
				"${PODS_ROOT}/Target Support Files/Pods-ProfileSettings-ProfileSettingsUITests/Pods-ProfileSettings-ProfileSettingsUITests-frameworks-${CONFIGURATION}-input-files.xcfilelist",
			);
			inputPaths = (
			);
			name = "[CP] Embed Pods Frameworks";
			outputFileListPaths = (
				"${PODS_ROOT}/Target Support Files/Pods-ProfileSettings-ProfileSettingsUITests/Pods-ProfileSettings-ProfileSettingsUITests-frameworks-${CONFIGURATION}-output-files.xcfilelist",
			);
			outputPaths = (
			);
			runOnlyForDeploymentPostprocessing = 0;
			shellPath = /bin/sh;
			shellScript = "\"${PODS_ROOT}/Target Support Files/Pods-ProfileSettings-ProfileSettingsUITests/Pods-ProfileSettings-ProfileSettingsUITests-frameworks.sh\"\n";
			showEnvVarsInLog = 0;
		};
/* End PBXShellScriptBuildPhase section */

/* Begin PBXSourcesBuildPhase section */
		E019DFB12DCFE73200FA79E6 /* Sources */ = {
			isa = PBXSourcesBuildPhase;
			buildActionMask = 2147483647;
			files = (
			);
			runOnlyForDeploymentPostprocessing = 0;
		};
		E019DFC72DCFE73400FA79E6 /* Sources */ = {
			isa = PBXSourcesBuildPhase;
			buildActionMask = 2147483647;
			files = (
			);
			runOnlyForDeploymentPostprocessing = 0;
		};
		E019DFD12DCFE73400FA79E6 /* Sources */ = {
			isa = PBXSourcesBuildPhase;
			buildActionMask = 2147483647;
			files = (
			);
			runOnlyForDeploymentPostprocessing = 0;
		};
/* End PBXSourcesBuildPhase section */

/* Begin PBXTargetDependency section */
		E019DFCD2DCFE73400FA79E6 /* PBXTargetDependency */ = {
			isa = PBXTargetDependency;
			target = E019DFB42DCFE73200FA79E6 /* ProfileSettings */;
			targetProxy = E019DFCC2DCFE73400FA79E6 /* PBXContainerItemProxy */;
		};
		E019DFD72DCFE73400FA79E6 /* PBXTargetDependency */ = {
			isa = PBXTargetDependency;
			target = E019DFB42DCFE73200FA79E6 /* ProfileSettings */;
			targetProxy = E019DFD62DCFE73400FA79E6 /* PBXContainerItemProxy */;
		};
/* End PBXTargetDependency section */

/* Begin XCBuildConfiguration section */
		E019DFDF2DCFE73400FA79E6 /* Debug */ = {
			isa = XCBuildConfiguration;
			baseConfigurationReference = C91421365AAA9785D2FC0B3C /* Pods-ProfileSettings.debug.xcconfig */;
			buildSettings = {
				ASSETCATALOG_COMPILER_APPICON_NAME = AppIcon;
				ASSETCATALOG_COMPILER_GLOBAL_ACCENT_COLOR_NAME = AccentColor;
				CODE_SIGN_STYLE = Automatic;
				CURRENT_PROJECT_VERSION = 1;
				DEVELOPMENT_TEAM = VS8XY62R74;
				GENERATE_INFOPLIST_FILE = YES;
				INFOPLIST_FILE = ProfileSettings/Info.plist;
				INFOPLIST_KEY_UIApplicationSupportsIndirectInputEvents = YES;
				INFOPLIST_KEY_UILaunchStoryboardName = LaunchScreen;
				INFOPLIST_KEY_UIMainStoryboardFile = Main;
				INFOPLIST_KEY_UISupportedInterfaceOrientations_iPad = "UIInterfaceOrientationPortrait UIInterfaceOrientationPortraitUpsideDown UIInterfaceOrientationLandscapeLeft UIInterfaceOrientationLandscapeRight";
				INFOPLIST_KEY_UISupportedInterfaceOrientations_iPhone = "UIInterfaceOrientationPortrait UIInterfaceOrientationLandscapeLeft UIInterfaceOrientationLandscapeRight";
				LD_RUNPATH_SEARCH_PATHS = (
					"$(inherited)",
					"@executable_path/Frameworks",
				);
				MARKETING_VERSION = 1.0;
				PRODUCT_BUNDLE_IDENTIFIER = "s-kir.ProfileSettings";
				PRODUCT_NAME = "$(TARGET_NAME)";
				SWIFT_EMIT_LOC_STRINGS = YES;
				SWIFT_VERSION = 5.0;
				TARGETED_DEVICE_FAMILY = "1,2";
			};
			name = Debug;
		};
		E019DFE02DCFE73400FA79E6 /* Release */ = {
			isa = XCBuildConfiguration;
			baseConfigurationReference = 3DA99B030297FE7779F24011 /* Pods-ProfileSettings.release.xcconfig */;
			buildSettings = {
				ASSETCATALOG_COMPILER_APPICON_NAME = AppIcon;
				ASSETCATALOG_COMPILER_GLOBAL_ACCENT_COLOR_NAME = AccentColor;
				CODE_SIGN_STYLE = Automatic;
				CURRENT_PROJECT_VERSION = 1;
				DEVELOPMENT_TEAM = VS8XY62R74;
				GENERATE_INFOPLIST_FILE = YES;
				INFOPLIST_FILE = ProfileSettings/Info.plist;
				INFOPLIST_KEY_UIApplicationSupportsIndirectInputEvents = YES;
				INFOPLIST_KEY_UILaunchStoryboardName = LaunchScreen;
				INFOPLIST_KEY_UIMainStoryboardFile = Main;
				INFOPLIST_KEY_UISupportedInterfaceOrientations_iPad = "UIInterfaceOrientationPortrait UIInterfaceOrientationPortraitUpsideDown UIInterfaceOrientationLandscapeLeft UIInterfaceOrientationLandscapeRight";
				INFOPLIST_KEY_UISupportedInterfaceOrientations_iPhone = "UIInterfaceOrientationPortrait UIInterfaceOrientationLandscapeLeft UIInterfaceOrientationLandscapeRight";
				LD_RUNPATH_SEARCH_PATHS = (
					"$(inherited)",
					"@executable_path/Frameworks",
				);
				MARKETING_VERSION = 1.0;
				PRODUCT_BUNDLE_IDENTIFIER = "s-kir.ProfileSettings";
				PRODUCT_NAME = "$(TARGET_NAME)";
				SWIFT_EMIT_LOC_STRINGS = YES;
				SWIFT_VERSION = 5.0;
				TARGETED_DEVICE_FAMILY = "1,2";
			};
			name = Release;
		};
		E019DFE12DCFE73400FA79E6 /* Debug */ = {
			isa = XCBuildConfiguration;
			buildSettings = {
				ALWAYS_SEARCH_USER_PATHS = NO;
				ASSETCATALOG_COMPILER_GENERATE_SWIFT_ASSET_SYMBOL_EXTENSIONS = YES;
				CLANG_ANALYZER_NONNULL = YES;
				CLANG_ANALYZER_NUMBER_OBJECT_CONVERSION = YES_AGGRESSIVE;
				CLANG_CXX_LANGUAGE_STANDARD = "gnu++20";
				CLANG_ENABLE_MODULES = YES;
				CLANG_ENABLE_OBJC_ARC = YES;
				CLANG_ENABLE_OBJC_WEAK = YES;
				CLANG_WARN_BLOCK_CAPTURE_AUTORELEASING = YES;
				CLANG_WARN_BOOL_CONVERSION = YES;
				CLANG_WARN_COMMA = YES;
				CLANG_WARN_CONSTANT_CONVERSION = YES;
				CLANG_WARN_DEPRECATED_OBJC_IMPLEMENTATIONS = YES;
				CLANG_WARN_DIRECT_OBJC_ISA_USAGE = YES_ERROR;
				CLANG_WARN_DOCUMENTATION_COMMENTS = YES;
				CLANG_WARN_EMPTY_BODY = YES;
				CLANG_WARN_ENUM_CONVERSION = YES;
				CLANG_WARN_INFINITE_RECURSION = YES;
				CLANG_WARN_INT_CONVERSION = YES;
				CLANG_WARN_NON_LITERAL_NULL_CONVERSION = YES;
				CLANG_WARN_OBJC_IMPLICIT_RETAIN_SELF = YES;
				CLANG_WARN_OBJC_LITERAL_CONVERSION = YES;
				CLANG_WARN_OBJC_ROOT_CLASS = YES_ERROR;
				CLANG_WARN_QUOTED_INCLUDE_IN_FRAMEWORK_HEADER = YES;
				CLANG_WARN_RANGE_LOOP_ANALYSIS = YES;
				CLANG_WARN_STRICT_PROTOTYPES = YES;
				CLANG_WARN_SUSPICIOUS_MOVE = YES;
				CLANG_WARN_UNGUARDED_AVAILABILITY = YES_AGGRESSIVE;
				CLANG_WARN_UNREACHABLE_CODE = YES;
				CLANG_WARN__DUPLICATE_METHOD_MATCH = YES;
				COPY_PHASE_STRIP = NO;
				DEBUG_INFORMATION_FORMAT = dwarf;
				DEVELOPMENT_TEAM = VS8XY62R74;
				ENABLE_STRICT_OBJC_MSGSEND = YES;
				ENABLE_TESTABILITY = YES;
				ENABLE_USER_SCRIPT_SANDBOXING = NO;
				GCC_C_LANGUAGE_STANDARD = gnu17;
				GCC_DYNAMIC_NO_PIC = NO;
				GCC_NO_COMMON_BLOCKS = YES;
				GCC_OPTIMIZATION_LEVEL = 0;
				GCC_PREPROCESSOR_DEFINITIONS = (
					"DEBUG=1",
					"$(inherited)",
				);
				GCC_WARN_64_TO_32_BIT_CONVERSION = YES;
				GCC_WARN_ABOUT_RETURN_TYPE = YES_ERROR;
				GCC_WARN_UNDECLARED_SELECTOR = YES;
				GCC_WARN_UNINITIALIZED_AUTOS = YES_AGGRESSIVE;
				GCC_WARN_UNUSED_FUNCTION = YES;
				GCC_WARN_UNUSED_VARIABLE = YES;
				IPHONEOS_DEPLOYMENT_TARGET = 18.4;
				LOCALIZATION_PREFERS_STRING_CATALOGS = YES;
				MTL_ENABLE_DEBUG_INFO = INCLUDE_SOURCE;
				MTL_FAST_MATH = YES;
				ONLY_ACTIVE_ARCH = YES;
				SDKROOT = iphoneos;
				SWIFT_ACTIVE_COMPILATION_CONDITIONS = "DEBUG $(inherited)";
				SWIFT_OPTIMIZATION_LEVEL = "-Onone";
			};
			name = Debug;
		};
		E019DFE22DCFE73400FA79E6 /* Release */ = {
			isa = XCBuildConfiguration;
			buildSettings = {
				ALWAYS_SEARCH_USER_PATHS = NO;
				ASSETCATALOG_COMPILER_GENERATE_SWIFT_ASSET_SYMBOL_EXTENSIONS = YES;
				CLANG_ANALYZER_NONNULL = YES;
				CLANG_ANALYZER_NUMBER_OBJECT_CONVERSION = YES_AGGRESSIVE;
				CLANG_CXX_LANGUAGE_STANDARD = "gnu++20";
				CLANG_ENABLE_MODULES = YES;
				CLANG_ENABLE_OBJC_ARC = YES;
				CLANG_ENABLE_OBJC_WEAK = YES;
				CLANG_WARN_BLOCK_CAPTURE_AUTORELEASING = YES;
				CLANG_WARN_BOOL_CONVERSION = YES;
				CLANG_WARN_COMMA = YES;
				CLANG_WARN_CONSTANT_CONVERSION = YES;
				CLANG_WARN_DEPRECATED_OBJC_IMPLEMENTATIONS = YES;
				CLANG_WARN_DIRECT_OBJC_ISA_USAGE = YES_ERROR;
				CLANG_WARN_DOCUMENTATION_COMMENTS = YES;
				CLANG_WARN_EMPTY_BODY = YES;
				CLANG_WARN_ENUM_CONVERSION = YES;
				CLANG_WARN_INFINITE_RECURSION = YES;
				CLANG_WARN_INT_CONVERSION = YES;
				CLANG_WARN_NON_LITERAL_NULL_CONVERSION = YES;
				CLANG_WARN_OBJC_IMPLICIT_RETAIN_SELF = YES;
				CLANG_WARN_OBJC_LITERAL_CONVERSION = YES;
				CLANG_WARN_OBJC_ROOT_CLASS = YES_ERROR;
				CLANG_WARN_QUOTED_INCLUDE_IN_FRAMEWORK_HEADER = YES;
				CLANG_WARN_RANGE_LOOP_ANALYSIS = YES;
				CLANG_WARN_STRICT_PROTOTYPES = YES;
				CLANG_WARN_SUSPICIOUS_MOVE = YES;
				CLANG_WARN_UNGUARDED_AVAILABILITY = YES_AGGRESSIVE;
				CLANG_WARN_UNREACHABLE_CODE = YES;
				CLANG_WARN__DUPLICATE_METHOD_MATCH = YES;
				COPY_PHASE_STRIP = NO;
				DEBUG_INFORMATION_FORMAT = "dwarf-with-dsym";
				DEVELOPMENT_TEAM = VS8XY62R74;
				ENABLE_NS_ASSERTIONS = NO;
				ENABLE_STRICT_OBJC_MSGSEND = YES;
				ENABLE_USER_SCRIPT_SANDBOXING = NO;
				GCC_C_LANGUAGE_STANDARD = gnu17;
				GCC_NO_COMMON_BLOCKS = YES;
				GCC_WARN_64_TO_32_BIT_CONVERSION = YES;
				GCC_WARN_ABOUT_RETURN_TYPE = YES_ERROR;
				GCC_WARN_UNDECLARED_SELECTOR = YES;
				GCC_WARN_UNINITIALIZED_AUTOS = YES_AGGRESSIVE;
				GCC_WARN_UNUSED_FUNCTION = YES;
				GCC_WARN_UNUSED_VARIABLE = YES;
				IPHONEOS_DEPLOYMENT_TARGET = 18.4;
				LOCALIZATION_PREFERS_STRING_CATALOGS = YES;
				MTL_ENABLE_DEBUG_INFO = NO;
				MTL_FAST_MATH = YES;
				SDKROOT = iphoneos;
				SWIFT_COMPILATION_MODE = wholemodule;
				VALIDATE_PRODUCT = YES;
			};
			name = Release;
		};
		E019DFE42DCFE73400FA79E6 /* Debug */ = {
			isa = XCBuildConfiguration;
			baseConfigurationReference = EC8E40DF3CA9DA571F688CA8 /* Pods-ProfileSettingsTests.debug.xcconfig */;
			buildSettings = {
				BUNDLE_LOADER = "$(TEST_HOST)";
				CODE_SIGN_STYLE = Automatic;
				CURRENT_PROJECT_VERSION = 1;
				DEVELOPMENT_TEAM = VS8XY62R74;
				GENERATE_INFOPLIST_FILE = YES;
				IPHONEOS_DEPLOYMENT_TARGET = 18.4;
				MARKETING_VERSION = 1.0;
				PRODUCT_BUNDLE_IDENTIFIER = "s-kir.ProfileSettingsTests";
				PRODUCT_NAME = "$(TARGET_NAME)";
				SWIFT_EMIT_LOC_STRINGS = NO;
				SWIFT_VERSION = 5.0;
				TARGETED_DEVICE_FAMILY = "1,2";
				TEST_HOST = "$(BUILT_PRODUCTS_DIR)/ProfileSettings.app/$(BUNDLE_EXECUTABLE_FOLDER_PATH)/ProfileSettings";
			};
			name = Debug;
		};
		E019DFE52DCFE73400FA79E6 /* Release */ = {
			isa = XCBuildConfiguration;
			baseConfigurationReference = 5C5965F0669AA22251596178 /* Pods-ProfileSettingsTests.release.xcconfig */;
			buildSettings = {
				BUNDLE_LOADER = "$(TEST_HOST)";
				CODE_SIGN_STYLE = Automatic;
				CURRENT_PROJECT_VERSION = 1;
				DEVELOPMENT_TEAM = VS8XY62R74;
				GENERATE_INFOPLIST_FILE = YES;
				IPHONEOS_DEPLOYMENT_TARGET = 18.4;
				MARKETING_VERSION = 1.0;
				PRODUCT_BUNDLE_IDENTIFIER = "s-kir.ProfileSettingsTests";
				PRODUCT_NAME = "$(TARGET_NAME)";
				SWIFT_EMIT_LOC_STRINGS = NO;
				SWIFT_VERSION = 5.0;
				TARGETED_DEVICE_FAMILY = "1,2";
				TEST_HOST = "$(BUILT_PRODUCTS_DIR)/ProfileSettings.app/$(BUNDLE_EXECUTABLE_FOLDER_PATH)/ProfileSettings";
			};
			name = Release;
		};
		E019DFE72DCFE73400FA79E6 /* Debug */ = {
			isa = XCBuildConfiguration;
			baseConfigurationReference = C68447D4349E278CEB52E4D2 /* Pods-ProfileSettings-ProfileSettingsUITests.debug.xcconfig */;
			buildSettings = {
				CODE_SIGN_STYLE = Automatic;
				CURRENT_PROJECT_VERSION = 1;
				DEVELOPMENT_TEAM = VS8XY62R74;
				GENERATE_INFOPLIST_FILE = YES;
				MARKETING_VERSION = 1.0;
				PRODUCT_BUNDLE_IDENTIFIER = "s-kir.ProfileSettingsUITests";
				PRODUCT_NAME = "$(TARGET_NAME)";
				SWIFT_EMIT_LOC_STRINGS = NO;
				SWIFT_VERSION = 5.0;
				TARGETED_DEVICE_FAMILY = "1,2";
				TEST_TARGET_NAME = ProfileSettings;
			};
			name = Debug;
		};
		E019DFE82DCFE73400FA79E6 /* Release */ = {
			isa = XCBuildConfiguration;
			baseConfigurationReference = E21BCD9EB8A39485DEEA6F30 /* Pods-ProfileSettings-ProfileSettingsUITests.release.xcconfig */;
			buildSettings = {
				CODE_SIGN_STYLE = Automatic;
				CURRENT_PROJECT_VERSION = 1;
				DEVELOPMENT_TEAM = VS8XY62R74;
				GENERATE_INFOPLIST_FILE = YES;
				MARKETING_VERSION = 1.0;
				PRODUCT_BUNDLE_IDENTIFIER = "s-kir.ProfileSettingsUITests";
				PRODUCT_NAME = "$(TARGET_NAME)";
				SWIFT_EMIT_LOC_STRINGS = NO;
				SWIFT_VERSION = 5.0;
				TARGETED_DEVICE_FAMILY = "1,2";
				TEST_TARGET_NAME = ProfileSettings;
			};
			name = Release;
		};
/* End XCBuildConfiguration section */

/* Begin XCConfigurationList section */
		E019DFB02DCFE73200FA79E6 /* Build configuration list for PBXProject "ProfileSettings" */ = {
			isa = XCConfigurationList;
			buildConfigurations = (
				E019DFE12DCFE73400FA79E6 /* Debug */,
				E019DFE22DCFE73400FA79E6 /* Release */,
			);
			defaultConfigurationIsVisible = 0;
			defaultConfigurationName = Release;
		};
		E019DFDE2DCFE73400FA79E6 /* Build configuration list for PBXNativeTarget "ProfileSettings" */ = {
			isa = XCConfigurationList;
			buildConfigurations = (
				E019DFDF2DCFE73400FA79E6 /* Debug */,
				E019DFE02DCFE73400FA79E6 /* Release */,
			);
			defaultConfigurationIsVisible = 0;
			defaultConfigurationName = Release;
		};
		E019DFE32DCFE73400FA79E6 /* Build configuration list for PBXNativeTarget "ProfileSettingsTests" */ = {
			isa = XCConfigurationList;
			buildConfigurations = (
				E019DFE42DCFE73400FA79E6 /* Debug */,
				E019DFE52DCFE73400FA79E6 /* Release */,
			);
			defaultConfigurationIsVisible = 0;
			defaultConfigurationName = Release;
		};
		E019DFE62DCFE73400FA79E6 /* Build configuration list for PBXNativeTarget "ProfileSettingsUITests" */ = {
			isa = XCConfigurationList;
			buildConfigurations = (
				E019DFE72DCFE73400FA79E6 /* Debug */,
				E019DFE82DCFE73400FA79E6 /* Release */,
			);
			defaultConfigurationIsVisible = 0;
			defaultConfigurationName = Release;
		};
/* End XCConfigurationList section */
	};
	rootObject = E019DFAD2DCFE73200FA79E6 /* Project object */;
}
